// !$*UTF8*$!
{
	archiveVersion = 1;
	classes = {
	};
	objectVersion = 46;
	objects = {

/* Begin PBXBuildFile section */
		C16052611E78C76400B16844 /* AppIcon57x57@2x.png in Resources */ = {isa = PBXBuildFile; fileRef = C16052601E78C76400B16844 /* AppIcon57x57@2x.png */; };
		C1B8934B1E77C9D500BBE03F /* main.m in Sources */ = {isa = PBXBuildFile; fileRef = C1B8934A1E77C9D500BBE03F /* main.m */; };
		C1B8934E1E77C9D500BBE03F /* AppDelegate.m in Sources */ = {isa = PBXBuildFile; fileRef = C1B8934D1E77C9D500BBE03F /* AppDelegate.m */; };
		C1B893511E77C9D500BBE03F /* ViewController.m in Sources */ = {isa = PBXBuildFile; fileRef = C1B893501E77C9D500BBE03F /* ViewController.m */; };
		C1B893541E77C9D500BBE03F /* Main.storyboard in Resources */ = {isa = PBXBuildFile; fileRef = C1B893521E77C9D500BBE03F /* Main.storyboard */; };
		C1B893561E77C9D500BBE03F /* Assets.xcassets in Resources */ = {isa = PBXBuildFile; fileRef = C1B893551E77C9D500BBE03F /* Assets.xcassets */; };
		C1B893591E77C9D500BBE03F /* LaunchScreen.storyboard in Resources */ = {isa = PBXBuildFile; fileRef = C1B893571E77C9D500BBE03F /* LaunchScreen.storyboard */; };
		C1B893621E77CA9600BBE03F /* BulletView.m in Sources */ = {isa = PBXBuildFile; fileRef = C1B893611E77CA9600BBE03F /* BulletView.m */; };
		C1B893651E77CAAB00BBE03F /* BulletManager.m in Sources */ = {isa = PBXBuildFile; fileRef = C1B893641E77CAAB00BBE03F /* BulletManager.m */; };
/* End PBXBuildFile section */

/* Begin PBXFileReference section */
		C16052601E78C76400B16844 /* AppIcon57x57@2x.png */ = {isa = PBXFileReference; lastKnownFileType = image.png; path = "AppIcon57x57@2x.png"; sourceTree = "<group>"; };
		C1B893461E77C9D400BBE03F /* CommentDemo.app */ = {isa = PBXFileReference; explicitFileType = wrapper.application; includeInIndex = 0; path = CommentDemo.app; sourceTree = BUILT_PRODUCTS_DIR; };
		C1B8934A1E77C9D500BBE03F /* main.m */ = {isa = PBXFileReference; lastKnownFileType = sourcecode.c.objc; path = main.m; sourceTree = "<group>"; };
		C1B8934C1E77C9D500BBE03F /* AppDelegate.h */ = {isa = PBXFileReference; lastKnownFileType = sourcecode.c.h; path = AppDelegate.h; sourceTree = "<group>"; };
		C1B8934D1E77C9D500BBE03F /* AppDelegate.m */ = {isa = PBXFileReference; lastKnownFileType = sourcecode.c.objc; path = AppDelegate.m; sourceTree = "<group>"; };
		C1B8934F1E77C9D500BBE03F /* ViewController.h */ = {isa = PBXFileReference; lastKnownFileType = sourcecode.c.h; path = ViewController.h; sourceTree = "<group>"; };
		C1B893501E77C9D500BBE03F /* ViewController.m */ = {isa = PBXFileReference; lastKnownFileType = sourcecode.c.objc; path = ViewController.m; sourceTree = "<group>"; };
		C1B893531E77C9D500BBE03F /* Base */ = {isa = PBXFileReference; lastKnownFileType = file.storyboard; name = Base; path = Base.lproj/Main.storyboard; sourceTree = "<group>"; };
		C1B893551E77C9D500BBE03F /* Assets.xcassets */ = {isa = PBXFileReference; lastKnownFileType = folder.assetcatalog; path = Assets.xcassets; sourceTree = "<group>"; };
		C1B893581E77C9D500BBE03F /* Base */ = {isa = PBXFileReference; lastKnownFileType = file.storyboard; name = Base; path = Base.lproj/LaunchScreen.storyboard; sourceTree = "<group>"; };
		C1B8935A1E77C9D500BBE03F /* Info.plist */ = {isa = PBXFileReference; lastKnownFileType = text.plist.xml; path = Info.plist; sourceTree = "<group>"; };
		C1B893601E77CA9600BBE03F /* BulletView.h */ = {isa = PBXFileReference; fileEncoding = 4; lastKnownFileType = sourcecode.c.h; path = BulletView.h; sourceTree = "<group>"; };
		C1B893611E77CA9600BBE03F /* BulletView.m */ = {isa = PBXFileReference; fileEncoding = 4; lastKnownFileType = sourcecode.c.objc; path = BulletView.m; sourceTree = "<group>"; };
		C1B893631E77CAAB00BBE03F /* BulletManager.h */ = {isa = PBXFileReference; fileEncoding = 4; lastKnownFileType = sourcecode.c.h; path = BulletManager.h; sourceTree = "<group>"; };
		C1B893641E77CAAB00BBE03F /* BulletManager.m */ = {isa = PBXFileReference; fileEncoding = 4; lastKnownFileType = sourcecode.c.objc; path = BulletManager.m; sourceTree = "<group>"; };
/* End PBXFileReference section */

/* Begin PBXFrameworksBuildPhase section */
		C1B893431E77C9D400BBE03F /* Frameworks */ = {
			isa = PBXFrameworksBuildPhase;
			buildActionMask = 2147483647;
			files = (
			);
			runOnlyForDeploymentPostprocessing = 0;
		};
/* End PBXFrameworksBuildPhase section */

/* Begin PBXGroup section */
		C1B8933D1E77C9D400BBE03F = {
			isa = PBXGroup;
			children = (
				C1B893481E77C9D400BBE03F /* CommentDemo */,
				C1B893471E77C9D400BBE03F /* Products */,
			);
			sourceTree = "<group>";
		};
		C1B893471E77C9D400BBE03F /* Products */ = {
			isa = PBXGroup;
			children = (
				C1B893461E77C9D400BBE03F /* CommentDemo.app */,
			);
			name = Products;
			sourceTree = "<group>";
		};
		C1B893481E77C9D400BBE03F /* CommentDemo */ = {
			isa = PBXGroup;
			children = (
				C16052601E78C76400B16844 /* AppIcon57x57@2x.png */,
				C1B8934C1E77C9D500BBE03F /* AppDelegate.h */,
				C1B8934D1E77C9D500BBE03F /* AppDelegate.m */,
				C1B8934F1E77C9D500BBE03F /* ViewController.h */,
				C1B893501E77C9D500BBE03F /* ViewController.m */,
				C1B893601E77CA9600BBE03F /* BulletView.h */,
				C1B893611E77CA9600BBE03F /* BulletView.m */,
				C1B893631E77CAAB00BBE03F /* BulletManager.h */,
				C1B893641E77CAAB00BBE03F /* BulletManager.m */,
				C1B893521E77C9D500BBE03F /* Main.storyboard */,
				C1B893551E77C9D500BBE03F /* Assets.xcassets */,
				C1B893571E77C9D500BBE03F /* LaunchScreen.storyboard */,
				C1B8935A1E77C9D500BBE03F /* Info.plist */,
				C1B893491E77C9D500BBE03F /* Supporting Files */,
			);
			path = CommentDemo;
			sourceTree = "<group>";
		};
		C1B893491E77C9D500BBE03F /* Supporting Files */ = {
			isa = PBXGroup;
			children = (
				C1B8934A1E77C9D500BBE03F /* main.m */,
			);
			name = "Supporting Files";
			sourceTree = "<group>";
		};
/* End PBXGroup section */

/* Begin PBXNativeTarget section */
		C1B893451E77C9D400BBE03F /* CommentDemo */ = {
			isa = PBXNativeTarget;
			buildConfigurationList = C1B8935D1E77C9D500BBE03F /* Build configuration list for PBXNativeTarget "CommentDemo" */;
			buildPhases = (
				C1B893421E77C9D400BBE03F /* Sources */,
				C1B893431E77C9D400BBE03F /* Frameworks */,
				C1B893441E77C9D400BBE03F /* Resources */,
			);
			buildRules = (
			);
			dependencies = (
			);
			name = CommentDemo;
			productName = CommentDemo;
			productReference = C1B893461E77C9D400BBE03F /* CommentDemo.app */;
			productType = "com.apple.product-type.application";
		};
/* End PBXNativeTarget section */

/* Begin PBXProject section */
		C1B8933E1E77C9D400BBE03F /* Project object */ = {
			isa = PBXProject;
			attributes = {
				LastUpgradeCheck = 0720;
				ORGANIZATIONNAME = "张真";
				TargetAttributes = {
					C1B893451E77C9D400BBE03F = {
						CreatedOnToolsVersion = 7.2.1;
						DevelopmentTeam = F5Q4X33SG8;
					};
				};
			};
			buildConfigurationList = C1B893411E77C9D400BBE03F /* Build configuration list for PBXProject "CommentDemo" */;
			compatibilityVersion = "Xcode 3.2";
			developmentRegion = English;
			hasScannedForEncodings = 0;
			knownRegions = (
				en,
				Base,
			);
			mainGroup = C1B8933D1E77C9D400BBE03F;
			productRefGroup = C1B893471E77C9D400BBE03F /* Products */;
			projectDirPath = "";
			projectRoot = "";
			targets = (
				C1B893451E77C9D400BBE03F /* CommentDemo */,
			);
		};
/* End PBXProject section */

/* Begin PBXResourcesBuildPhase section */
		C1B893441E77C9D400BBE03F /* Resources */ = {
			isa = PBXResourcesBuildPhase;
			buildActionMask = 2147483647;
			files = (
				C1B893591E77C9D500BBE03F /* LaunchScreen.storyboard in Resources */,
				C1B893561E77C9D500BBE03F /* Assets.xcassets in Resources */,
				C16052611E78C76400B16844 /* AppIcon57x57@2x.png in Resources */,
				C1B893541E77C9D500BBE03F /* Main.storyboard in Resources */,
			);
			runOnlyForDeploymentPostprocessing = 0;
		};
/* End PBXResourcesBuildPhase section */

/* Begin PBXSourcesBuildPhase section */
		C1B893421E77C9D400BBE03F /* Sources */ = {
			isa = PBXSourcesBuildPhase;
			buildActionMask = 2147483647;
			files = (
				C1B893511E77C9D500BBE03F /* ViewController.m in Sources */,
				C1B8934E1E77C9D500BBE03F /* AppDelegate.m in Sources */,
				C1B893621E77CA9600BBE03F /* BulletView.m in Sources */,
				C1B8934B1E77C9D500BBE03F /* main.m in Sources */,
				C1B893651E77CAAB00BBE03F /* BulletManager.m in Sources */,
			);
			runOnlyForDeploymentPostprocessing = 0;
		};
/* End PBXSourcesBuildPhase section */

/* Begin PBXVariantGroup section */
		C1B893521E77C9D500BBE03F /* Main.storyboard */ = {
			isa = PBXVariantGroup;
			children = (
				C1B893531E77C9D500BBE03F /* Base */,
			);
			name = Main.storyboard;
			sourceTree = "<group>";
		};
		C1B893571E77C9D500BBE03F /* LaunchScreen.storyboard */ = {
			isa = PBXVariantGroup;
			children = (
				C1B893581E77C9D500BBE03F /* Base */,
			);
			name = LaunchScreen.storyboard;
			sourceTree = "<group>";
		};
/* End PBXVariantGroup section */

/* Begin XCBuildConfiguration section */
		C1B8935B1E77C9D500BBE03F /* Debug */ = {
			isa = XCBuildConfiguration;
			buildSettings = {
				ALWAYS_SEARCH_USER_PATHS = NO;
				CLANG_CXX_LANGUAGE_STANDARD = "gnu++0x";
				CLANG_CXX_LIBRARY = "libc++";
				CLANG_ENABLE_MODULES = YES;
				CLANG_ENABLE_OBJC_ARC = YES;
				CLANG_WARN_BOOL_CONVERSION = YES;
				CLANG_WARN_CONSTANT_CONVERSION = YES;
				CLANG_WARN_DIRECT_OBJC_ISA_USAGE = YES_ERROR;
				CLANG_WARN_EMPTY_BODY = YES;
				CLANG_WARN_ENUM_CONVERSION = YES;
				CLANG_WARN_INT_CONVERSION = YES;
				CLANG_WARN_OBJC_ROOT_CLASS = YES_ERROR;
				CLANG_WARN_UNREACHABLE_CODE = YES;
				CLANG_WARN__DUPLICATE_METHOD_MATCH = YES;
				"CODE_SIGN_IDENTITY[sdk=iphoneos*]" = "iPhone Developer";
				COPY_PHASE_STRIP = NO;
				DEBUG_INFORMATION_FORMAT = dwarf;
				ENABLE_STRICT_OBJC_MSGSEND = YES;
				ENABLE_TESTABILITY = YES;
				GCC_C_LANGUAGE_STANDARD = gnu99;
				GCC_DYNAMIC_NO_PIC = NO;
				GCC_NO_COMMON_BLOCKS = YES;
				GCC_OPTIMIZATION_LEVEL = 0;
				GCC_PREPROCESSOR_DEFINITIONS = (
					"DEBUG=1",
					"$(inherited)",
				);
				GCC_WARN_64_TO_32_BIT_CONVERSION = YES;
				GCC_WARN_ABOUT_RETURN_TYPE = YES_ERROR;
				GCC_WARN_UNDECLARED_SELECTOR = YES;
				GCC_WARN_UNINITIALIZED_AUTOS = YES_AGGRESSIVE;
				GCC_WARN_UNUSED_FUNCTION = YES;
				GCC_WARN_UNUSED_VARIABLE = YES;
				IPHONEOS_DEPLOYMENT_TARGET = 9.2;
				MTL_ENABLE_DEBUG_INFO = YES;
				ONLY_ACTIVE_ARCH = YES;
				SDKROOT = iphoneos;
			};
			name = Debug;
		};
		C1B8935C1E77C9D500BBE03F /* Release */ = {
			isa = XCBuildConfiguration;
			buildSettings = {
				ALWAYS_SEARCH_USER_PATHS = NO;
				CLANG_CXX_LANGUAGE_STANDARD = "gnu++0x";
				CLANG_CXX_LIBRARY = "libc++";
				CLANG_ENABLE_MODULES = YES;
				CLANG_ENABLE_OBJC_ARC = YES;
				CLANG_WARN_BOOL_CONVERSION = YES;
				CLANG_WARN_CONSTANT_CONVERSION = YES;
				CLANG_WARN_DIRECT_OBJC_ISA_USAGE = YES_ERROR;
				CLANG_WARN_EMPTY_BODY = YES;
				CLANG_WARN_ENUM_CONVERSION = YES;
				CLANG_WARN_INT_CONVERSION = YES;
				CLANG_WARN_OBJC_ROOT_CLASS = YES_ERROR;
				CLANG_WARN_UNREACHABLE_CODE = YES;
				CLANG_WARN__DUPLICATE_METHOD_MATCH = YES;
				"CODE_SIGN_IDENTITY[sdk=iphoneos*]" = "iPhone Developer";
				COPY_PHASE_STRIP = NO;
				DEBUG_INFORMATION_FORMAT = "dwarf-with-dsym";
				ENABLE_NS_ASSERTIONS = NO;
				ENABLE_STRICT_OBJC_MSGSEND = YES;
				GCC_C_LANGUAGE_STANDARD = gnu99;
				GCC_NO_COMMON_BLOCKS = YES;
				GCC_WARN_64_TO_32_BIT_CONVERSION = YES;
				GCC_WARN_ABOUT_RETURN_TYPE = YES_ERROR;
				GCC_WARN_UNDECLARED_SELECTOR = YES;
				GCC_WARN_UNINITIALIZED_AUTOS = YES_AGGRESSIVE;
				GCC_WARN_UNUSED_FUNCTION = YES;
				GCC_WARN_UNUSED_VARIABLE = YES;
				IPHONEOS_DEPLOYMENT_TARGET = 9.2;
				MTL_ENABLE_DEBUG_INFO = NO;
				SDKROOT = iphoneos;
				VALIDATE_PRODUCT = YES;
			};
			name = Release;
		};
		C1B8935E1E77C9D500BBE03F /* Debug */ = {
			isa = XCBuildConfiguration;
			buildSettings = {
				ASSETCATALOG_COMPILER_APPICON_NAME = AppIcon;
				INFOPLIST_FILE = CommentDemo/Info.plist;
				LD_RUNPATH_SEARCH_PATHS = "$(inherited) @executable_path/Frameworks";
				PRODUCT_BUNDLE_IDENTIFIER = com.lirenkj.CommentDemo;
				PRODUCT_NAME = "$(TARGET_NAME)";
			};
			name = Debug;
		};
		C1B8935F1E77C9D500BBE03F /* Release */ = {
			isa = XCBuildConfiguration;
			buildSettings = {
				ASSETCATALOG_COMPILER_APPICON_NAME = AppIcon;
				INFOPLIST_FILE = CommentDemo/Info.plist;
				LD_RUNPATH_SEARCH_PATHS = "$(inherited) @executable_path/Frameworks";
				PRODUCT_BUNDLE_IDENTIFIER = com.lirenkj.CommentDemo;
				PRODUCT_NAME = "$(TARGET_NAME)";
			};
			name = Release;
		};
/* End XCBuildConfiguration section */

/* Begin XCConfigurationList section */
		C1B893411E77C9D400BBE03F /* Build configuration list for PBXProject "CommentDemo" */ = {
			isa = XCConfigurationList;
			buildConfigurations = (
				C1B8935B1E77C9D500BBE03F /* Debug */,
				C1B8935C1E77C9D500BBE03F /* Release */,
			);
			defaultConfigurationIsVisible = 0;
			defaultConfigurationName = Release;
		};
		C1B8935D1E77C9D500BBE03F /* Build configuration list for PBXNativeTarget "CommentDemo" */ = {
			isa = XCConfigurationList;
			buildConfigurations = (
				C1B8935E1E77C9D500BBE03F /* Debug */,
				C1B8935F1E77C9D500BBE03F /* Release */,
			);
			defaultConfigurationIsVisible = 0;
			defaultConfigurationName = Release;
		};
/* End XCConfigurationList section */
	};
	rootObject = C1B8933E1E77C9D400BBE03F /* Project object */;
}
